// !$*UTF8*$!
{
	archiveVersion = 1;
	classes = {
	};
	objectVersion = 55;
	objects = {

/* Begin PBXBuildFile section */
		BE37437C2842A58F005B9253 /* PokeApiDemoApp.swift in Sources */ = {isa = PBXBuildFile; fileRef = BE37436C2842A58E005B9253 /* PokeApiDemoApp.swift */; };
		BE37437D2842A58F005B9253 /* PokeApiDemoApp.swift in Sources */ = {isa = PBXBuildFile; fileRef = BE37436C2842A58E005B9253 /* PokeApiDemoApp.swift */; };
		BE37437E2842A58F005B9253 /* ContentView.swift in Sources */ = {isa = PBXBuildFile; fileRef = BE37436D2842A58E005B9253 /* ContentView.swift */; };
		BE37437F2842A58F005B9253 /* ContentView.swift in Sources */ = {isa = PBXBuildFile; fileRef = BE37436D2842A58E005B9253 /* ContentView.swift */; };
		BE3743802842A58F005B9253 /* Assets.xcassets in Resources */ = {isa = PBXBuildFile; fileRef = BE37436E2842A58F005B9253 /* Assets.xcassets */; };
		BE3743812842A58F005B9253 /* Assets.xcassets in Resources */ = {isa = PBXBuildFile; fileRef = BE37436E2842A58F005B9253 /* Assets.xcassets */; };
		BE37438F2842A5F7005B9253 /* SwiftPokeApi in Frameworks */ = {isa = PBXBuildFile; productRef = BE37438E2842A5F7005B9253 /* SwiftPokeApi */; };
		BE3743912842A5FD005B9253 /* SwiftPokeApi in Frameworks */ = {isa = PBXBuildFile; productRef = BE3743902842A5FD005B9253 /* SwiftPokeApi */; };
/* End PBXBuildFile section */

/* Begin PBXFileReference section */
		BE1ACD7B2842A7A60068BCD1 /* URLSession.playground */ = {isa = PBXFileReference; lastKnownFileType = file.playground; path = URLSession.playground; sourceTree = "<group>"; xcLanguageSpecificationIdentifier = xcode.lang.swift; };
		BE1ACD7C2842A8330068BCD1 /* SwiftUI.playground */ = {isa = PBXFileReference; lastKnownFileType = file.playground; path = SwiftUI.playground; sourceTree = "<group>"; xcLanguageSpecificationIdentifier = xcode.lang.swift; };
		BE1ACD7D2842A8AF0068BCD1 /* R&D Testing.playground */ = {isa = PBXFileReference; lastKnownFileType = file.playground; path = "R&D Testing.playground"; sourceTree = "<group>"; xcLanguageSpecificationIdentifier = xcode.lang.swift; };
		BE37436C2842A58E005B9253 /* PokeApiDemoApp.swift */ = {isa = PBXFileReference; lastKnownFileType = sourcecode.swift; path = PokeApiDemoApp.swift; sourceTree = "<group>"; };
		BE37436D2842A58E005B9253 /* ContentView.swift */ = {isa = PBXFileReference; lastKnownFileType = sourcecode.swift; path = ContentView.swift; sourceTree = "<group>"; };
		BE37436E2842A58F005B9253 /* Assets.xcassets */ = {isa = PBXFileReference; lastKnownFileType = folder.assetcatalog; path = Assets.xcassets; sourceTree = "<group>"; };
		BE3743732842A58F005B9253 /* PokeApiDemo.app */ = {isa = PBXFileReference; explicitFileType = wrapper.application; includeInIndex = 0; path = PokeApiDemo.app; sourceTree = BUILT_PRODUCTS_DIR; };
		BE3743792842A58F005B9253 /* PokeApiDemo.app */ = {isa = PBXFileReference; explicitFileType = wrapper.application; includeInIndex = 0; path = PokeApiDemo.app; sourceTree = BUILT_PRODUCTS_DIR; };
		BE37437B2842A58F005B9253 /* macOS.entitlements */ = {isa = PBXFileReference; lastKnownFileType = text.plist.entitlements; path = macOS.entitlements; sourceTree = "<group>"; };
		BE37438B2842A5CF005B9253 /* SwiftPokeApi */ = {isa = PBXFileReference; lastKnownFileType = wrapper; name = SwiftPokeApi; path = ..; sourceTree = "<group>"; };
		BE3743962842A6FB005B9253 /* Combine.playground */ = {isa = PBXFileReference; lastKnownFileType = file.playground; path = Combine.playground; sourceTree = "<group>"; xcLanguageSpecificationIdentifier = xcode.lang.swift; };
/* End PBXFileReference section */

/* Begin PBXFrameworksBuildPhase section */
		BE3743702842A58F005B9253 /* Frameworks */ = {
			isa = PBXFrameworksBuildPhase;
			buildActionMask = 2147483647;
			files = (
				BE37438F2842A5F7005B9253 /* SwiftPokeApi in Frameworks */,
			);
			runOnlyForDeploymentPostprocessing = 0;
		};
		BE3743762842A58F005B9253 /* Frameworks */ = {
			isa = PBXFrameworksBuildPhase;
			buildActionMask = 2147483647;
			files = (
				BE3743912842A5FD005B9253 /* SwiftPokeApi in Frameworks */,
			);
			runOnlyForDeploymentPostprocessing = 0;
		};
/* End PBXFrameworksBuildPhase section */

/* Begin PBXGroup section */
		BE3743662842A58E005B9253 = {
			isa = PBXGroup;
			children = (
				BE37438C2842A5E2005B9253 /* Playgrounds */,
				BE37438A2842A5CF005B9253 /* Packages */,
				BE37436B2842A58E005B9253 /* Shared */,
				BE37437A2842A58F005B9253 /* macOS */,
				BE3743742842A58F005B9253 /* Products */,
				BE37438D2842A5F7005B9253 /* Frameworks */,
			);
			sourceTree = "<group>";
		};
		BE37436B2842A58E005B9253 /* Shared */ = {
			isa = PBXGroup;
			children = (
				BE37436C2842A58E005B9253 /* PokeApiDemoApp.swift */,
				BE37436D2842A58E005B9253 /* ContentView.swift */,
				BE37436E2842A58F005B9253 /* Assets.xcassets */,
			);
			path = Shared;
			sourceTree = "<group>";
		};
		BE3743742842A58F005B9253 /* Products */ = {
			isa = PBXGroup;
			children = (
				BE3743732842A58F005B9253 /* PokeApiDemo.app */,
				BE3743792842A58F005B9253 /* PokeApiDemo.app */,
			);
			name = Products;
			sourceTree = "<group>";
		};
		BE37437A2842A58F005B9253 /* macOS */ = {
			isa = PBXGroup;
			children = (
				BE37437B2842A58F005B9253 /* macOS.entitlements */,
			);
			path = macOS;
			sourceTree = "<group>";
		};
		BE37438A2842A5CF005B9253 /* Packages */ = {
			isa = PBXGroup;
			children = (
				BE37438B2842A5CF005B9253 /* SwiftPokeApi */,
			);
			name = Packages;
			sourceTree = "<group>";
		};
		BE37438C2842A5E2005B9253 /* Playgrounds */ = {
			isa = PBXGroup;
			children = (
				BE3743962842A6FB005B9253 /* Combine.playground */,
				BE1ACD7B2842A7A60068BCD1 /* URLSession.playground */,
				BE1ACD7C2842A8330068BCD1 /* SwiftUI.playground */,
				BE1ACD7D2842A8AF0068BCD1 /* R&D Testing.playground */,
			);
			path = Playgrounds;
			sourceTree = "<group>";
		};
		BE37438D2842A5F7005B9253 /* Frameworks */ = {
			isa = PBXGroup;
			children = (
			);
			name = Frameworks;
			sourceTree = "<group>";
		};
/* End PBXGroup section */

/* Begin PBXNativeTarget section */
		BE3743722842A58F005B9253 /* PokeApiDemo (iOS) */ = {
			isa = PBXNativeTarget;
			buildConfigurationList = BE3743842842A58F005B9253 /* Build configuration list for PBXNativeTarget "PokeApiDemo (iOS)" */;
			buildPhases = (
				BE37436F2842A58F005B9253 /* Sources */,
				BE3743702842A58F005B9253 /* Frameworks */,
				BE3743712842A58F005B9253 /* Resources */,
			);
			buildRules = (
			);
			dependencies = (
			);
			name = "PokeApiDemo (iOS)";
			packageProductDependencies = (
				BE37438E2842A5F7005B9253 /* SwiftPokeApi */,
			);
			productName = "PokeApiDemo (iOS)";
			productReference = BE3743732842A58F005B9253 /* PokeApiDemo.app */;
			productType = "com.apple.product-type.application";
		};
		BE3743782842A58F005B9253 /* PokeApiDemo (macOS) */ = {
			isa = PBXNativeTarget;
			buildConfigurationList = BE3743872842A58F005B9253 /* Build configuration list for PBXNativeTarget "PokeApiDemo (macOS)" */;
			buildPhases = (
				BE3743752842A58F005B9253 /* Sources */,
				BE3743762842A58F005B9253 /* Frameworks */,
				BE3743772842A58F005B9253 /* Resources */,
			);
			buildRules = (
			);
			dependencies = (
			);
			name = "PokeApiDemo (macOS)";
			packageProductDependencies = (
				BE3743902842A5FD005B9253 /* SwiftPokeApi */,
			);
			productName = "PokeApiDemo (macOS)";
			productReference = BE3743792842A58F005B9253 /* PokeApiDemo.app */;
			productType = "com.apple.product-type.application";
		};
/* End PBXNativeTarget section */

/* Begin PBXProject section */
		BE3743672842A58E005B9253 /* Project object */ = {
			isa = PBXProject;
			attributes = {
				BuildIndependentTargetsInParallel = 1;
				LastSwiftUpdateCheck = 1340;
				LastUpgradeCheck = 1340;
				TargetAttributes = {
					BE3743722842A58F005B9253 = {
						CreatedOnToolsVersion = 13.4;
					};
					BE3743782842A58F005B9253 = {
						CreatedOnToolsVersion = 13.4;
					};
				};
			};
			buildConfigurationList = BE37436A2842A58E005B9253 /* Build configuration list for PBXProject "PokeApiDemo" */;
			compatibilityVersion = "Xcode 13.0";
			developmentRegion = en;
			hasScannedForEncodings = 0;
			knownRegions = (
				en,
				Base,
			);
			mainGroup = BE3743662842A58E005B9253;
			productRefGroup = BE3743742842A58F005B9253 /* Products */;
			projectDirPath = "";
			projectRoot = "";
			targets = (
				BE3743722842A58F005B9253 /* PokeApiDemo (iOS) */,
				BE3743782842A58F005B9253 /* PokeApiDemo (macOS) */,
			);
		};
/* End PBXProject section */

/* Begin PBXResourcesBuildPhase section */
		BE3743712842A58F005B9253 /* Resources */ = {
			isa = PBXResourcesBuildPhase;
			buildActionMask = 2147483647;
			files = (
				BE3743802842A58F005B9253 /* Assets.xcassets in Resources */,
			);
			runOnlyForDeploymentPostprocessing = 0;
		};
		BE3743772842A58F005B9253 /* Resources */ = {
			isa = PBXResourcesBuildPhase;
			buildActionMask = 2147483647;
			files = (
				BE3743812842A58F005B9253 /* Assets.xcassets in Resources */,
			);
			runOnlyForDeploymentPostprocessing = 0;
		};
/* End PBXResourcesBuildPhase section */

/* Begin PBXSourcesBuildPhase section */
		BE37436F2842A58F005B9253 /* Sources */ = {
			isa = PBXSourcesBuildPhase;
			buildActionMask = 2147483647;
			files = (
				BE37437E2842A58F005B9253 /* ContentView.swift in Sources */,
				BE37437C2842A58F005B9253 /* PokeApiDemoApp.swift in Sources */,
			);
			runOnlyForDeploymentPostprocessing = 0;
		};
		BE3743752842A58F005B9253 /* Sources */ = {
			isa = PBXSourcesBuildPhase;
			buildActionMask = 2147483647;
			files = (
				BE37437F2842A58F005B9253 /* ContentView.swift in Sources */,
				BE37437D2842A58F005B9253 /* PokeApiDemoApp.swift in Sources */,
			);
			runOnlyForDeploymentPostprocessing = 0;
		};
/* End PBXSourcesBuildPhase section */

/* Begin XCBuildConfiguration section */
		BE3743822842A58F005B9253 /* Debug */ = {
			isa = XCBuildConfiguration;
			buildSettings = {
				ALWAYS_SEARCH_USER_PATHS = NO;
				CLANG_ANALYZER_NONNULL = YES;
				CLANG_ANALYZER_NUMBER_OBJECT_CONVERSION = YES_AGGRESSIVE;
				CLANG_CXX_LANGUAGE_STANDARD = "gnu++17";
				CLANG_ENABLE_MODULES = YES;
				CLANG_ENABLE_OBJC_ARC = YES;
				CLANG_ENABLE_OBJC_WEAK = YES;
				CLANG_WARN_BLOCK_CAPTURE_AUTORELEASING = YES;
				CLANG_WARN_BOOL_CONVERSION = YES;
				CLANG_WARN_COMMA = YES;
				CLANG_WARN_CONSTANT_CONVERSION = YES;
				CLANG_WARN_DEPRECATED_OBJC_IMPLEMENTATIONS = YES;
				CLANG_WARN_DIRECT_OBJC_ISA_USAGE = YES_ERROR;
				CLANG_WARN_DOCUMENTATION_COMMENTS = YES;
				CLANG_WARN_EMPTY_BODY = YES;
				CLANG_WARN_ENUM_CONVERSION = YES;
				CLANG_WARN_INFINITE_RECURSION = YES;
				CLANG_WARN_INT_CONVERSION = YES;
				CLANG_WARN_NON_LITERAL_NULL_CONVERSION = YES;
				CLANG_WARN_OBJC_IMPLICIT_RETAIN_SELF = YES;
				CLANG_WARN_OBJC_LITERAL_CONVERSION = YES;
				CLANG_WARN_OBJC_ROOT_CLASS = YES_ERROR;
				CLANG_WARN_QUOTED_INCLUDE_IN_FRAMEWORK_HEADER = YES;
				CLANG_WARN_RANGE_LOOP_ANALYSIS = YES;
				CLANG_WARN_STRICT_PROTOTYPES = YES;
				CLANG_WARN_SUSPICIOUS_MOVE = YES;
				CLANG_WARN_UNGUARDED_AVAILABILITY = YES_AGGRESSIVE;
				CLANG_WARN_UNREACHABLE_CODE = YES;
				CLANG_WARN__DUPLICATE_METHOD_MATCH = YES;
				COPY_PHASE_STRIP = NO;
				DEBUG_INFORMATION_FORMAT = dwarf;
				ENABLE_STRICT_OBJC_MSGSEND = YES;
				ENABLE_TESTABILITY = YES;
				GCC_C_LANGUAGE_STANDARD = gnu11;
				GCC_DYNAMIC_NO_PIC = NO;
				GCC_NO_COMMON_BLOCKS = YES;
				GCC_OPTIMIZATION_LEVEL = 0;
				GCC_PREPROCESSOR_DEFINITIONS = (
					"DEBUG=1",
					"$(inherited)",
				);
				GCC_WARN_64_TO_32_BIT_CONVERSION = YES;
				GCC_WARN_ABOUT_RETURN_TYPE = YES_ERROR;
				GCC_WARN_UNDECLARED_SELECTOR = YES;
				GCC_WARN_UNINITIALIZED_AUTOS = YES_AGGRESSIVE;
				GCC_WARN_UNUSED_FUNCTION = YES;
				GCC_WARN_UNUSED_VARIABLE = YES;
				IPHONEOS_DEPLOYMENT_TARGET = 15.0;
				MACOSX_DEPLOYMENT_TARGET = 12.0;
				MTL_ENABLE_DEBUG_INFO = INCLUDE_SOURCE;
				MTL_FAST_MATH = YES;
				ONLY_ACTIVE_ARCH = YES;
				SWIFT_ACTIVE_COMPILATION_CONDITIONS = DEBUG;
				SWIFT_OPTIMIZATION_LEVEL = "-Onone";
			};
			name = Debug;
		};
		BE3743832842A58F005B9253 /* Release */ = {
			isa = XCBuildConfiguration;
			buildSettings = {
				ALWAYS_SEARCH_USER_PATHS = NO;
				CLANG_ANALYZER_NONNULL = YES;
				CLANG_ANALYZER_NUMBER_OBJECT_CONVERSION = YES_AGGRESSIVE;
				CLANG_CXX_LANGUAGE_STANDARD = "gnu++17";
				CLANG_ENABLE_MODULES = YES;
				CLANG_ENABLE_OBJC_ARC = YES;
				CLANG_ENABLE_OBJC_WEAK = YES;
				CLANG_WARN_BLOCK_CAPTURE_AUTORELEASING = YES;
				CLANG_WARN_BOOL_CONVERSION = YES;
				CLANG_WARN_COMMA = YES;
				CLANG_WARN_CONSTANT_CONVERSION = YES;
				CLANG_WARN_DEPRECATED_OBJC_IMPLEMENTATIONS = YES;
				CLANG_WARN_DIRECT_OBJC_ISA_USAGE = YES_ERROR;
				CLANG_WARN_DOCUMENTATION_COMMENTS = YES;
				CLANG_WARN_EMPTY_BODY = YES;
				CLANG_WARN_ENUM_CONVERSION = YES;
				CLANG_WARN_INFINITE_RECURSION = YES;
				CLANG_WARN_INT_CONVERSION = YES;
				CLANG_WARN_NON_LITERAL_NULL_CONVERSION = YES;
				CLANG_WARN_OBJC_IMPLICIT_RETAIN_SELF = YES;
				CLANG_WARN_OBJC_LITERAL_CONVERSION = YES;
				CLANG_WARN_OBJC_ROOT_CLASS = YES_ERROR;
				CLANG_WARN_QUOTED_INCLUDE_IN_FRAMEWORK_HEADER = YES;
				CLANG_WARN_RANGE_LOOP_ANALYSIS = YES;
				CLANG_WARN_STRICT_PROTOTYPES = YES;
				CLANG_WARN_SUSPICIOUS_MOVE = YES;
				CLANG_WARN_UNGUARDED_AVAILABILITY = YES_AGGRESSIVE;
				CLANG_WARN_UNREACHABLE_CODE = YES;
				CLANG_WARN__DUPLICATE_METHOD_MATCH = YES;
				COPY_PHASE_STRIP = NO;
				DEBUG_INFORMATION_FORMAT = "dwarf-with-dsym";
				ENABLE_NS_ASSERTIONS = NO;
				ENABLE_STRICT_OBJC_MSGSEND = YES;
				GCC_C_LANGUAGE_STANDARD = gnu11;
				GCC_NO_COMMON_BLOCKS = YES;
				GCC_WARN_64_TO_32_BIT_CONVERSION = YES;
				GCC_WARN_ABOUT_RETURN_TYPE = YES_ERROR;
				GCC_WARN_UNDECLARED_SELECTOR = YES;
				GCC_WARN_UNINITIALIZED_AUTOS = YES_AGGRESSIVE;
				GCC_WARN_UNUSED_FUNCTION = YES;
				GCC_WARN_UNUSED_VARIABLE = YES;
				IPHONEOS_DEPLOYMENT_TARGET = 15.0;
				MACOSX_DEPLOYMENT_TARGET = 12.0;
				MTL_ENABLE_DEBUG_INFO = NO;
				MTL_FAST_MATH = YES;
				SWIFT_COMPILATION_MODE = wholemodule;
				SWIFT_OPTIMIZATION_LEVEL = "-O";
			};
			name = Release;
		};
		BE3743852842A58F005B9253 /* Debug */ = {
			isa = XCBuildConfiguration;
			buildSettings = {
				ASSETCATALOG_COMPILER_APPICON_NAME = AppIcon;
				ASSETCATALOG_COMPILER_GLOBAL_ACCENT_COLOR_NAME = AccentColor;
				CODE_SIGN_STYLE = Manual;
				CURRENT_PROJECT_VERSION = 1;
				DEVELOPMENT_TEAM = "";
				ENABLE_PREVIEWS = YES;
				GENERATE_INFOPLIST_FILE = YES;
				INFOPLIST_KEY_UIApplicationSceneManifest_Generation = YES;
				INFOPLIST_KEY_UIApplicationSupportsIndirectInputEvents = YES;
				INFOPLIST_KEY_UILaunchScreen_Generation = YES;
				INFOPLIST_KEY_UISupportedInterfaceOrientations_iPad = "UIInterfaceOrientationPortrait UIInterfaceOrientationPortraitUpsideDown UIInterfaceOrientationLandscapeLeft UIInterfaceOrientationLandscapeRight";
				INFOPLIST_KEY_UISupportedInterfaceOrientations_iPhone = "UIInterfaceOrientationPortrait UIInterfaceOrientationLandscapeLeft UIInterfaceOrientationLandscapeRight";
				IPHONEOS_DEPLOYMENT_TARGET = 15.5;
				LD_RUNPATH_SEARCH_PATHS = (
					"$(inherited)",
					"@executable_path/Frameworks",
				);
				MARKETING_VERSION = 1.0;
				PRODUCT_BUNDLE_IDENTIFIER = co.pokeapi.PokeApiDemo;
				PRODUCT_NAME = PokeApiDemo;
				PROVISIONING_PROFILE_SPECIFIER = "";
				SDKROOT = iphoneos;
				SWIFT_EMIT_LOC_STRINGS = YES;
				SWIFT_VERSION = 5.0;
				TARGETED_DEVICE_FAMILY = "1,2";
			};
			name = Debug;
		};
		BE3743862842A58F005B9253 /* Release */ = {
			isa = XCBuildConfiguration;
			buildSettings = {
				ASSETCATALOG_COMPILER_APPICON_NAME = AppIcon;
				ASSETCATALOG_COMPILER_GLOBAL_ACCENT_COLOR_NAME = AccentColor;
				CODE_SIGN_STYLE = Manual;
				CURRENT_PROJECT_VERSION = 1;
				DEVELOPMENT_TEAM = "";
				ENABLE_PREVIEWS = YES;
				GENERATE_INFOPLIST_FILE = YES;
				INFOPLIST_KEY_UIApplicationSceneManifest_Generation = YES;
				INFOPLIST_KEY_UIApplicationSupportsIndirectInputEvents = YES;
				INFOPLIST_KEY_UILaunchScreen_Generation = YES;
				INFOPLIST_KEY_UISupportedInterfaceOrientations_iPad = "UIInterfaceOrientationPortrait UIInterfaceOrientationPortraitUpsideDown UIInterfaceOrientationLandscapeLeft UIInterfaceOrientationLandscapeRight";
				INFOPLIST_KEY_UISupportedInterfaceOrientations_iPhone = "UIInterfaceOrientationPortrait UIInterfaceOrientationLandscapeLeft UIInterfaceOrientationLandscapeRight";
				IPHONEOS_DEPLOYMENT_TARGET = 15.5;
				LD_RUNPATH_SEARCH_PATHS = (
					"$(inherited)",
					"@executable_path/Frameworks",
				);
				MARKETING_VERSION = 1.0;
				PRODUCT_BUNDLE_IDENTIFIER = co.pokeapi.PokeApiDemo;
				PRODUCT_NAME = PokeApiDemo;
				PROVISIONING_PROFILE_SPECIFIER = "";
				SDKROOT = iphoneos;
				SWIFT_EMIT_LOC_STRINGS = YES;
				SWIFT_VERSION = 5.0;
				TARGETED_DEVICE_FAMILY = "1,2";
				VALIDATE_PRODUCT = YES;
			};
			name = Release;
		};
		BE3743882842A58F005B9253 /* Debug */ = {
			isa = XCBuildConfiguration;
			buildSettings = {
				ASSETCATALOG_COMPILER_APPICON_NAME = AppIcon;
				ASSETCATALOG_COMPILER_GLOBAL_ACCENT_COLOR_NAME = AccentColor;
				CODE_SIGN_ENTITLEMENTS = macOS/macOS.entitlements;
				CODE_SIGN_STYLE = Automatic;
				COMBINE_HIDPI_IMAGES = YES;
				CURRENT_PROJECT_VERSION = 1;
				ENABLE_PREVIEWS = YES;
				GENERATE_INFOPLIST_FILE = YES;
				INFOPLIST_KEY_NSHumanReadableCopyright = "";
				LD_RUNPATH_SEARCH_PATHS = (
					"$(inherited)",
					"@executable_path/../Frameworks",
				);
				MACOSX_DEPLOYMENT_TARGET = 12.3;
				MARKETING_VERSION = 1.0;
				PRODUCT_BUNDLE_IDENTIFIER = co.pokeapi.PokeApiDemo;
				PRODUCT_NAME = PokeApiDemo;
				SDKROOT = macosx;
				SWIFT_EMIT_LOC_STRINGS = YES;
				SWIFT_VERSION = 5.0;
			};
			name = Debug;
		};
		BE3743892842A58F005B9253 /* Release */ = {
			isa = XCBuildConfiguration;
			buildSettings = {
				ASSETCATALOG_COMPILER_APPICON_NAME = AppIcon;
				ASSETCATALOG_COMPILER_GLOBAL_ACCENT_COLOR_NAME = AccentColor;
				CODE_SIGN_ENTITLEMENTS = macOS/macOS.entitlements;
				CODE_SIGN_STYLE = Automatic;
				COMBINE_HIDPI_IMAGES = YES;
				CURRENT_PROJECT_VERSION = 1;
				ENABLE_PREVIEWS = YES;
				GENERATE_INFOPLIST_FILE = YES;
				INFOPLIST_KEY_NSHumanReadableCopyright = "";
				LD_RUNPATH_SEARCH_PATHS = (
					"$(inherited)",
					"@executable_path/../Frameworks",
				);
				MACOSX_DEPLOYMENT_TARGET = 12.3;
				MARKETING_VERSION = 1.0;
				PRODUCT_BUNDLE_IDENTIFIER = co.pokeapi.PokeApiDemo;
				PRODUCT_NAME = PokeApiDemo;
				SDKROOT = macosx;
				SWIFT_EMIT_LOC_STRINGS = YES;
				SWIFT_VERSION = 5.0;
			};
			name = Release;
		};
/* End XCBuildConfiguration section */

/* Begin XCConfigurationList section */
		BE37436A2842A58E005B9253 /* Build configuration list for PBXProject "PokeApiDemo" */ = {
			isa = XCConfigurationList;
			buildConfigurations = (
				BE3743822842A58F005B9253 /* Debug */,
				BE3743832842A58F005B9253 /* Release */,
			);
			defaultConfigurationIsVisible = 0;
			defaultConfigurationName = Release;
		};
		BE3743842842A58F005B9253 /* Build configuration list for PBXNativeTarget "PokeApiDemo (iOS)" */ = {
			isa = XCConfigurationList;
			buildConfigurations = (
				BE3743852842A58F005B9253 /* Debug */,
				BE3743862842A58F005B9253 /* Release */,
			);
			defaultConfigurationIsVisible = 0;
			defaultConfigurationName = Release;
		};
		BE3743872842A58F005B9253 /* Build configuration list for PBXNativeTarget "PokeApiDemo (macOS)" */ = {
			isa = XCConfigurationList;
			buildConfigurations = (
				BE3743882842A58F005B9253 /* Debug */,
				BE3743892842A58F005B9253 /* Release */,
			);
			defaultConfigurationIsVisible = 0;
			defaultConfigurationName = Release;
		};
/* End XCConfigurationList section */

/* Begin XCSwiftPackageProductDependency section */
		BE37438E2842A5F7005B9253 /* SwiftPokeApi */ = {
			isa = XCSwiftPackageProductDependency;
			productName = SwiftPokeApi;
		};
		BE3743902842A5FD005B9253 /* SwiftPokeApi */ = {
			isa = XCSwiftPackageProductDependency;
			productName = SwiftPokeApi;
		};
/* End XCSwiftPackageProductDependency section */
	};
	rootObject = BE3743672842A58E005B9253 /* Project object */;
}
